{
  "projects": [
    {
      "projectId": "tPqUSAvm89CQ6Ba6P7RSnu",
      "version": "latest",
      "dependencies": {},
      "lang": "ts",
      "fileLocks": [
        {
          "type": "globalVariant",
          "assetId": "iAbJgYd3dHOG",
          "checksum": "48f9fcf5d8d6e72a6a82e67cb24dfc52"
        },
        {
          "assetId": "tPqUSAvm89CQ6Ba6P7RSnu",
          "type": "projectCss",
          "checksum": "dbb633c7bf2fda2738066f4d2034c0db"
        },
        {
          "type": "renderModule",
          "assetId": "ezJeOoFJcEaM",
          "checksum": "abcce71e10b5fe28e26357357b8a97f2"
        },
        {
          "type": "cssRules",
          "assetId": "ezJeOoFJcEaM",
          "checksum": "abcce71e10b5fe28e26357357b8a97f2"
        },
        {
          "type": "renderModule",
          "assetId": "qPlLCVDiWHD",
          "checksum": "00dad21a5f53546abe97cd4aabde44bd"
        },
        {
          "type": "cssRules",
          "assetId": "qPlLCVDiWHD",
          "checksum": "00dad21a5f53546abe97cd4aabde44bd"
        },
        {
          "type": "icon",
          "assetId": "tA-Y2ai5ojH",
          "checksum": "8df86e17e1d2834a627b3c61493bcaac"
        },
        {
          "type": "icon",
          "assetId": "JeC9_ZCseTzD",
          "checksum": "91014ec63b1a7a58f44a46375cb5ef18"
        },
        {
          "type": "icon",
          "assetId": "gzwT3mhBT3OV",
          "checksum": "c67ad137f0f7be53b9a975002d72b137"
        },
        {
          "type": "icon",
          "assetId": "jJ-UE5G_XfH",
          "checksum": "91d372da6f288bb03f4d1ecc6f2ca68f"
        },
        {
          "type": "icon",
          "assetId": "d6UH20rcXmI",
          "checksum": "37475f45ab7d7a62cb2c8c4278dc14b7"
        },
        {
          "type": "icon",
          "assetId": "gvrBCur-neW",
          "checksum": "1451b2c9a16031e84a5437914e24ddcd"
        },
        {
          "type": "icon",
          "assetId": "Jo3omXdFtGv",
          "checksum": "9b943fed02641eabf63155f12a297690"
        },
        {
          "type": "icon",
          "assetId": "nrSWbHUJhb",
          "checksum": "adca5a6b3d4cb8b671341d817648b52f"
        },
        {
          "type": "icon",
          "assetId": "J-fLRTMZq8A",
          "checksum": "5bc34753039069fc2b7194e60756da6e"
        },
        {
          "type": "icon",
          "assetId": "aSKSNvq3VeX",
          "checksum": "c64845784d4a248a9cdf46792c3f5cca"
        },
        {
          "type": "icon",
          "assetId": "TZLtEU7Hsby",
          "checksum": "fd224a8d6a934413ab3d08cf6c44c52d"
        },
        {
          "type": "icon",
          "assetId": "h9uRMpB9lIH",
          "checksum": "06b93acaa36fca0b999763a6c044e2d0"
        },
        {
          "type": "icon",
          "assetId": "nxKWVj-vhZq",
          "checksum": "6ba96f20b0823304849b48a467aa9f4a"
        },
        {
          "type": "icon",
          "assetId": "mnjIpcYvSzc",
          "checksum": "47f650c7ef779180b8ee6a465027a86c"
        },
        {
          "type": "icon",
          "assetId": "q4XLIgWPfN4",
          "checksum": "e3994e4385c98f89e1efc7d233d2e127"
        },
        {
          "type": "icon",
          "assetId": "FLyZSO3Hkpf",
          "checksum": "533c8947a32d2196423f0bbcbcc83bb0"
        },
        {
          "type": "icon",
          "assetId": "ZHRlgMzssarc",
          "checksum": "588fb0fd90b9543a046f3e29dca0ea62"
        },
        {
          "type": "icon",
          "assetId": "QVqxva8sONMr",
          "checksum": "ffce64464b4eb24a404058758b880da6"
        },
        {
          "type": "icon",
          "assetId": "ldXHrrsWtlm",
          "checksum": "3e0fd09f76868760ded6732beca4bae6"
        },
        {
          "type": "icon",
          "assetId": "CYd8aww4QqC",
          "checksum": "a92fbf55246c4546e90fa99e607292c6"
        },
        {
          "type": "icon",
          "assetId": "-cY05dd9wff",
          "checksum": "66e6035ac6137f9bde14d7e73955cb2c"
        },
        {
          "type": "icon",
          "assetId": "FKMzBOeLIGv",
          "checksum": "eaaf68ab818a0e2ae32e588dcedb45df"
        },
        {
          "type": "icon",
          "assetId": "uNZ0XvzRxd",
          "checksum": "d2345646c692784ab0656c00fd01383f"
        },
        {
          "type": "icon",
          "assetId": "1oH8Ukl0qs",
          "checksum": "8749b30f340eb1d161b9f8d76da4c7f6"
        },
        {
          "type": "icon",
          "assetId": "iORyzMkBc-",
          "checksum": "eab5276aa4dd88b3aec202f00f944e6a"
        },
        {
          "type": "icon",
          "assetId": "kHbNaFFdsY",
          "checksum": "a1b30c82512330c4c631b31e95e74d05"
        },
        {
          "type": "icon",
          "assetId": "XHJt4VpHqI",
          "checksum": "aa49771be699831aa50d65f8e1389c3f"
        },
        {
          "type": "icon",
          "assetId": "uQdtkUXwF7",
          "checksum": "a622516d84b36ac4a71d82f9847d01dc"
        },
        {
          "type": "icon",
          "assetId": "wgS4i85gF-",
          "checksum": "bea5956bc64aec9eab2d43f9254f0538"
        },
        {
          "type": "icon",
          "assetId": "YRG1E1i1cA",
          "checksum": "6dd623166dc6b932d14e070187961b43"
        },
        {
          "type": "icon",
          "assetId": "kEfxHsFa9p",
          "checksum": "15201a5abae0818f1551377009839bef"
        },
        {
          "type": "icon",
          "assetId": "nu3LEwRmFVS",
          "checksum": "8c2f162d3f3973331ee831edfd6dd965"
        },
        {
          "type": "icon",
          "assetId": "Fj1vc2SD3RV",
          "checksum": "3ea6d7ce4e0bf6a54ce10333179cd549"
        },
        {
          "type": "icon",
          "assetId": "c3WjMj79U8M",
          "checksum": "16e057f26c59c6675d25c547ce40b688"
        },
        {
          "type": "icon",
          "assetId": "sYtuLOHhVe",
          "checksum": "cdb9770e3bc468ca8e096b145ad94666"
        },
        {
          "type": "icon",
          "assetId": "XjMnxdNAJD",
          "checksum": "6ec20aa38c6105741f7b07f9bd75b780"
        },
        {
          "type": "icon",
          "assetId": "a_8Ig4V_y3",
          "checksum": "27bcdd506cee5ecd9559550cc2dc795a"
        },
        {
          "type": "icon",
          "assetId": "zT0kcFOQgl",
          "checksum": "891ae244752bdd6199c90a31225f5744"
        },
        {
          "type": "icon",
          "assetId": "qJO_JY99QI",
          "checksum": "b26e1dd22d6f0362284f69a65ef89c28"
        },
        {
          "type": "icon",
          "assetId": "1zongJ40ez",
          "checksum": "98a8b92c1c104b2bbf3719c02f292ce0"
        },
        {
          "type": "icon",
          "assetId": "_uRXG_8MWx",
          "checksum": "e75b68af7abb1b895e1c8b6f431eed51"
        },
        {
          "type": "icon",
          "assetId": "9RYZH69yoL",
          "checksum": "844f0c720e6f3a54efacd3dafd2dd895"
        },
        {
          "type": "icon",
          "assetId": "JwXSgvMYQW",
          "checksum": "649b9f3e7af08c1d38fa330d5f691e04"
        },
        {
          "type": "icon",
          "assetId": "rpEoMuwa9",
          "checksum": "5df840cc900d5736f9cd41cdeaf55efc"
        },
        {
          "type": "image",
          "assetId": "_bnAdV8bjs",
          "checksum": "b1536f5e2dfdef828b4927156c7ca305"
        },
        {
          "type": "image",
          "assetId": "tbQ3Q4ICz",
          "checksum": "cbd85cc2456d2ee0ff9e2e8e5fd47df2"
        },
        {
          "type": "image",
          "assetId": "BaqFJ-jouo",
          "checksum": "120e6dffe0309bfccc2eb5285caf5637"
        },
        {
          "type": "image",
          "assetId": "sULOfl81f5",
          "checksum": "fe72c718760024219655e926f6402aee"
        },
        {
          "type": "image",
          "assetId": "9EOK5Scvay",
          "checksum": "e3078d0a26ac18aebe1084e1fbc3deff"
        },
        {
          "type": "image",
          "assetId": "CpZsl8psqn",
          "checksum": "363c452213bbd04b0e294e5b05097511"
        },
        {
          "type": "image",
          "assetId": "p24KeDCkFG",
          "checksum": "89fad62eae6e4ee3f8ea0f2b4db6b863"
        },
        {
          "type": "image",
          "assetId": "-bAzophiHLN",
          "checksum": "2a9665d19050abe2c18fb8346d258432"
        },
        {
          "type": "image",
          "assetId": "spvbHhaQ3o",
          "checksum": "83f12c9d3e18fbaeed1d04d20a7eb2f0"
        },
        {
          "type": "image",
          "assetId": "m7CQ0nbvsx",
          "checksum": "9855d52b388c91da4aea4e4fe34bc96e"
        },
        {
          "type": "image",
          "assetId": "yCTRW6xH_m",
          "checksum": "baf09862588ff74958bb5930bfa8bfa2"
        },
        {
          "type": "image",
          "assetId": "19fIpmOIj",
          "checksum": "2526b75d4edc9f1e717d7a3d5aabe77f"
        },
        {
          "type": "image",
          "assetId": "3jnVqSahA",
          "checksum": "5dc7ca19039dd7253ec468b262c15510"
        },
        {
          "type": "image",
          "assetId": "YQP0hERB7",
          "checksum": "a23ebff4fd35b2357342ebc2fa027c9a"
        },
        {
          "type": "image",
          "assetId": "en3ZMcxJp",
          "checksum": "8ad4c47ee572d552ffecc730109b3632"
        },
        {
          "type": "image",
          "assetId": "AwUaFzhP5V",
          "checksum": "c4f0d3445eea876015a765414ae49e86"
        },
        {
          "type": "image",
          "assetId": "uZGySu6gCa",
          "checksum": "0708f490358d36d7bd31d9da92727461"
        },
        {
          "type": "image",
          "assetId": "QhGzDafGKQ",
          "checksum": "ffae422d8312bd74c9b2640a8652c2a4"
        },
        {
          "type": "image",
          "assetId": "AtPPO8qM2O",
          "checksum": "9a6407297fdd1c6ed171c2ae34f9d6d7"
        }
      ]
    }
  ],
  "cliVersion": "0.1.158"
}
